// !$*UTF8*$!
{
	archiveVersion = 1;
	classes = {
	};
	objectVersion = 54;
	objects = {

/* Begin PBXBuildFile section */
		3E5778762B651317009C5C1F /* UserModel.swift in Sources */ = {isa = PBXBuildFile; fileRef = 3E5778752B651317009C5C1F /* UserModel.swift */; };
		3E57787D2B65691F009C5C1F /* Encodable.swift in Sources */ = {isa = PBXBuildFile; fileRef = 3E57787C2B65691F009C5C1F /* Encodable.swift */; };
		3E5778AC2B692115009C5C1F /* LoginViewController.swift in Sources */ = {isa = PBXBuildFile; fileRef = 3E5778AB2B692115009C5C1F /* LoginViewController.swift */; };
		3E5778AE2B69212C009C5C1F /* SignupViewController.swift in Sources */ = {isa = PBXBuildFile; fileRef = 3E5778AD2B69212C009C5C1F /* SignupViewController.swift */; };
		3E5778B12B692143009C5C1F /* HomeViewController.swift in Sources */ = {isa = PBXBuildFile; fileRef = 3E5778B02B692143009C5C1F /* HomeViewController.swift */; };
		3E5778B52B69229F009C5C1F /* AuthHeaderView.swift in Sources */ = {isa = PBXBuildFile; fileRef = 3E5778B42B69229F009C5C1F /* AuthHeaderView.swift */; };
		3E5778B82B692D2C009C5C1F /* CustomTextField.swift in Sources */ = {isa = PBXBuildFile; fileRef = 3E5778B72B692D2C009C5C1F /* CustomTextField.swift */; };
		3E5778BB2B6934E9009C5C1F /* CustomButton.swift in Sources */ = {isa = PBXBuildFile; fileRef = 3E5778BA2B6934E9009C5C1F /* CustomButton.swift */; };
		3E5778BE2B693E3D009C5C1F /* AlertManager.swift in Sources */ = {isa = PBXBuildFile; fileRef = 3E5778BD2B693E3D009C5C1F /* AlertManager.swift */; };
		3E5778C12B695711009C5C1F /* Validator.swift in Sources */ = {isa = PBXBuildFile; fileRef = 3E5778C02B695711009C5C1F /* Validator.swift */; };
		3E5778C62B698BDB009C5C1F /* TabBarViewController.swift in Sources */ = {isa = PBXBuildFile; fileRef = 3E5778C52B698BDB009C5C1F /* TabBarViewController.swift */; };
		3E5778CA2B698C7B009C5C1F /* TaskViewController.swift in Sources */ = {isa = PBXBuildFile; fileRef = 3E5778C92B698C7B009C5C1F /* TaskViewController.swift */; };
		3E5778D32B6C3A0F009C5C1F /* SignupViewModel.swift in Sources */ = {isa = PBXBuildFile; fileRef = 3E5778D22B6C3A0F009C5C1F /* SignupViewModel.swift */; };
		3E5778D62B6C3A56009C5C1F /* ProjectViewModel.swift in Sources */ = {isa = PBXBuildFile; fileRef = 3E5778D52B6C3A55009C5C1F /* ProjectViewModel.swift */; };
		3E5778DA2B6C3A6F009C5C1F /* TaskViewModel.swift in Sources */ = {isa = PBXBuildFile; fileRef = 3E5778D92B6C3A6F009C5C1F /* TaskViewModel.swift */; };
		3E5778DD2B6C4A9D009C5C1F /* HomeViewModel.swift in Sources */ = {isa = PBXBuildFile; fileRef = 3E5778DC2B6C4A9D009C5C1F /* HomeViewModel.swift */; };
		3E5778E12B6C7746009C5C1F /* ProjectViewController.swift in Sources */ = {isa = PBXBuildFile; fileRef = 3E5778E02B6C7746009C5C1F /* ProjectViewController.swift */; };
		3E5778ED2B6C882F009C5C1F /* UnderlinedTextField.swift in Sources */ = {isa = PBXBuildFile; fileRef = 3E5778EC2B6C882F009C5C1F /* UnderlinedTextField.swift */; };
		3E5778F32B6D938E009C5C1F /* CustomLabel.swift in Sources */ = {isa = PBXBuildFile; fileRef = 3E5778F22B6D938E009C5C1F /* CustomLabel.swift */; };
		3E5778F62B6DA5D9009C5C1F /* AddPopUpViewController.swift in Sources */ = {isa = PBXBuildFile; fileRef = 3E5778F52B6DA5D9009C5C1F /* AddPopUpViewController.swift */; };
		3E5778F92B6DC35E009C5C1F /* TaskDetailViewController.swift in Sources */ = {isa = PBXBuildFile; fileRef = 3E5778F82B6DC35E009C5C1F /* TaskDetailViewController.swift */; };
		3E5778FD2B6FBCE1009C5C1F /* ProjectViewCell.swift in Sources */ = {isa = PBXBuildFile; fileRef = 3E5778FC2B6FBCE1009C5C1F /* ProjectViewCell.swift */; };
		3E5F2C0E2B606F3E0072006F /* AppDelegate.swift in Sources */ = {isa = PBXBuildFile; fileRef = 3E5F2C0D2B606F3E0072006F /* AppDelegate.swift */; };
		3E5F2C102B606F3E0072006F /* SceneDelegate.swift in Sources */ = {isa = PBXBuildFile; fileRef = 3E5F2C0F2B606F3E0072006F /* SceneDelegate.swift */; };
		3E5F2C172B606F470072006F /* Assets.xcassets in Resources */ = {isa = PBXBuildFile; fileRef = 3E5F2C162B606F470072006F /* Assets.xcassets */; };
		3E5F2C1A2B606F470072006F /* LaunchScreen.storyboard in Resources */ = {isa = PBXBuildFile; fileRef = 3E5F2C182B606F470072006F /* LaunchScreen.storyboard */; };
		3E5F2C2B2B6073C00072006F /* OnboardingModel.swift in Sources */ = {isa = PBXBuildFile; fileRef = 3E5F2C2A2B6073C00072006F /* OnboardingModel.swift */; };
		3E5F2C2F2B6073D50072006F /* ProjectModel.swift in Sources */ = {isa = PBXBuildFile; fileRef = 3E5F2C2E2B6073D50072006F /* ProjectModel.swift */; };
		3E5F2C322B607F0C0072006F /* OnboardingView.swift in Sources */ = {isa = PBXBuildFile; fileRef = 3E5F2C312B607F0C0072006F /* OnboardingView.swift */; };
		3E5F2C362B6080700072006F /* PageView.swift in Sources */ = {isa = PBXBuildFile; fileRef = 3E5F2C352B6080700072006F /* PageView.swift */; };
		3E5F2C3B2B60859F0072006F /* OnboardingViewController.swift in Sources */ = {isa = PBXBuildFile; fileRef = 3E5F2C3A2B60859F0072006F /* OnboardingViewController.swift */; };
		3E5FDB922B72DA8F0038C3BD /* OvalProjectCell.swift in Sources */ = {isa = PBXBuildFile; fileRef = 3E5FDB912B72DA8F0038C3BD /* OvalProjectCell.swift */; };
		3E61B4F72B61B60300DB760D /* Authentication.swift in Sources */ = {isa = PBXBuildFile; fileRef = 3E61B4F62B61B60300DB760D /* Authentication.swift */; };
		3E635A122B613F16007D0FBE /* GoogleService-Info.plist in Resources */ = {isa = PBXBuildFile; fileRef = 3E635A112B613F15007D0FBE /* GoogleService-Info.plist */; };
		3E635A162B6157CE007D0FBE /* FirebaseAuth in Frameworks */ = {isa = PBXBuildFile; productRef = 3E635A152B6157CE007D0FBE /* FirebaseAuth */; };
		3E635A182B6157CE007D0FBE /* FirebaseFirestore in Frameworks */ = {isa = PBXBuildFile; productRef = 3E635A172B6157CE007D0FBE /* FirebaseFirestore */; };
		3E635A1A2B6157CE007D0FBE /* FirebaseFirestoreSwift-Beta in Frameworks */ = {isa = PBXBuildFile; productRef = 3E635A192B6157CE007D0FBE /* FirebaseFirestoreSwift-Beta */; };
		3E635A1F2B615E77007D0FBE /* LoginViewModel.swift in Sources */ = {isa = PBXBuildFile; fileRef = 3E635A1E2B615E76007D0FBE /* LoginViewModel.swift */; };
		3E63A7292B758B990078ACBC /* ProjectDetailViewController.swift in Sources */ = {isa = PBXBuildFile; fileRef = 3E63A7282B758B990078ACBC /* ProjectDetailViewController.swift */; };
		3E63A72C2B763C990078ACBC /* ProjectDetailViewModel.swift in Sources */ = {isa = PBXBuildFile; fileRef = 3E63A72B2B763C990078ACBC /* ProjectDetailViewModel.swift */; };
		3E63A7302B7653C80078ACBC /* TaskViewCell.swift in Sources */ = {isa = PBXBuildFile; fileRef = 3E63A72F2B7653C80078ACBC /* TaskViewCell.swift */; };
		3E63C5952B77930800E06ED5 /* EditProjectViewController.swift in Sources */ = {isa = PBXBuildFile; fileRef = 3E63C5942B77930800E06ED5 /* EditProjectViewController.swift */; };
		3E63C5982B77934200E06ED5 /* EditTaskViewController.swift in Sources */ = {isa = PBXBuildFile; fileRef = 3E63C5972B77934200E06ED5 /* EditTaskViewController.swift */; };
		3E63C59B2B77C99800E06ED5 /* EditProjectViewModel.swift in Sources */ = {isa = PBXBuildFile; fileRef = 3E63C59A2B77C99800E06ED5 /* EditProjectViewModel.swift */; };
/* End PBXBuildFile section */

/* Begin PBXFileReference section */
		3E5778752B651317009C5C1F /* UserModel.swift */ = {isa = PBXFileReference; lastKnownFileType = sourcecode.swift; path = UserModel.swift; sourceTree = "<group>"; };
		3E57787C2B65691F009C5C1F /* Encodable.swift */ = {isa = PBXFileReference; lastKnownFileType = sourcecode.swift; path = Encodable.swift; sourceTree = "<group>"; };
		3E5778AB2B692115009C5C1F /* LoginViewController.swift */ = {isa = PBXFileReference; lastKnownFileType = sourcecode.swift; path = LoginViewController.swift; sourceTree = "<group>"; };
		3E5778AD2B69212C009C5C1F /* SignupViewController.swift */ = {isa = PBXFileReference; lastKnownFileType = sourcecode.swift; path = SignupViewController.swift; sourceTree = "<group>"; };
		3E5778B02B692143009C5C1F /* HomeViewController.swift */ = {isa = PBXFileReference; lastKnownFileType = sourcecode.swift; path = HomeViewController.swift; sourceTree = "<group>"; };
		3E5778B42B69229F009C5C1F /* AuthHeaderView.swift */ = {isa = PBXFileReference; lastKnownFileType = sourcecode.swift; path = AuthHeaderView.swift; sourceTree = "<group>"; };
		3E5778B72B692D2C009C5C1F /* CustomTextField.swift */ = {isa = PBXFileReference; lastKnownFileType = sourcecode.swift; path = CustomTextField.swift; sourceTree = "<group>"; };
		3E5778BA2B6934E9009C5C1F /* CustomButton.swift */ = {isa = PBXFileReference; lastKnownFileType = sourcecode.swift; path = CustomButton.swift; sourceTree = "<group>"; };
		3E5778BD2B693E3D009C5C1F /* AlertManager.swift */ = {isa = PBXFileReference; lastKnownFileType = sourcecode.swift; path = AlertManager.swift; sourceTree = "<group>"; };
		3E5778C02B695711009C5C1F /* Validator.swift */ = {isa = PBXFileReference; lastKnownFileType = sourcecode.swift; path = Validator.swift; sourceTree = "<group>"; };
		3E5778C52B698BDB009C5C1F /* TabBarViewController.swift */ = {isa = PBXFileReference; lastKnownFileType = sourcecode.swift; path = TabBarViewController.swift; sourceTree = "<group>"; };
		3E5778C92B698C7B009C5C1F /* TaskViewController.swift */ = {isa = PBXFileReference; lastKnownFileType = sourcecode.swift; path = TaskViewController.swift; sourceTree = "<group>"; };
		3E5778D22B6C3A0F009C5C1F /* SignupViewModel.swift */ = {isa = PBXFileReference; lastKnownFileType = sourcecode.swift; path = SignupViewModel.swift; sourceTree = "<group>"; };
		3E5778D52B6C3A55009C5C1F /* ProjectViewModel.swift */ = {isa = PBXFileReference; lastKnownFileType = sourcecode.swift; path = ProjectViewModel.swift; sourceTree = "<group>"; };
		3E5778D92B6C3A6F009C5C1F /* TaskViewModel.swift */ = {isa = PBXFileReference; lastKnownFileType = sourcecode.swift; path = TaskViewModel.swift; sourceTree = "<group>"; };
		3E5778DC2B6C4A9D009C5C1F /* HomeViewModel.swift */ = {isa = PBXFileReference; lastKnownFileType = sourcecode.swift; path = HomeViewModel.swift; sourceTree = "<group>"; };
		3E5778E02B6C7746009C5C1F /* ProjectViewController.swift */ = {isa = PBXFileReference; lastKnownFileType = sourcecode.swift; path = ProjectViewController.swift; sourceTree = "<group>"; };
		3E5778EC2B6C882F009C5C1F /* UnderlinedTextField.swift */ = {isa = PBXFileReference; lastKnownFileType = sourcecode.swift; path = UnderlinedTextField.swift; sourceTree = "<group>"; };
		3E5778F22B6D938E009C5C1F /* CustomLabel.swift */ = {isa = PBXFileReference; lastKnownFileType = sourcecode.swift; path = CustomLabel.swift; sourceTree = "<group>"; };
		3E5778F52B6DA5D9009C5C1F /* AddPopUpViewController.swift */ = {isa = PBXFileReference; lastKnownFileType = sourcecode.swift; path = AddPopUpViewController.swift; sourceTree = "<group>"; };
		3E5778F82B6DC35E009C5C1F /* TaskDetailViewController.swift */ = {isa = PBXFileReference; lastKnownFileType = sourcecode.swift; path = TaskDetailViewController.swift; sourceTree = "<group>"; };
		3E5778FC2B6FBCE1009C5C1F /* ProjectViewCell.swift */ = {isa = PBXFileReference; lastKnownFileType = sourcecode.swift; path = ProjectViewCell.swift; sourceTree = "<group>"; };
		3E5F2C0A2B606F3E0072006F /* TaskManagmentApp.app */ = {isa = PBXFileReference; explicitFileType = wrapper.application; includeInIndex = 0; path = TaskManagmentApp.app; sourceTree = BUILT_PRODUCTS_DIR; };
		3E5F2C0D2B606F3E0072006F /* AppDelegate.swift */ = {isa = PBXFileReference; lastKnownFileType = sourcecode.swift; path = AppDelegate.swift; sourceTree = "<group>"; };
		3E5F2C0F2B606F3E0072006F /* SceneDelegate.swift */ = {isa = PBXFileReference; lastKnownFileType = sourcecode.swift; path = SceneDelegate.swift; sourceTree = "<group>"; };
		3E5F2C162B606F470072006F /* Assets.xcassets */ = {isa = PBXFileReference; lastKnownFileType = folder.assetcatalog; path = Assets.xcassets; sourceTree = "<group>"; };
		3E5F2C192B606F470072006F /* Base */ = {isa = PBXFileReference; lastKnownFileType = file.storyboard; name = Base; path = Base.lproj/LaunchScreen.storyboard; sourceTree = "<group>"; };
		3E5F2C1B2B606F470072006F /* Info.plist */ = {isa = PBXFileReference; lastKnownFileType = text.plist.xml; path = Info.plist; sourceTree = "<group>"; };
		3E5F2C2A2B6073C00072006F /* OnboardingModel.swift */ = {isa = PBXFileReference; lastKnownFileType = sourcecode.swift; path = OnboardingModel.swift; sourceTree = "<group>"; };
		3E5F2C2E2B6073D50072006F /* ProjectModel.swift */ = {isa = PBXFileReference; lastKnownFileType = sourcecode.swift; path = ProjectModel.swift; sourceTree = "<group>"; };
		3E5F2C312B607F0C0072006F /* OnboardingView.swift */ = {isa = PBXFileReference; lastKnownFileType = sourcecode.swift; path = OnboardingView.swift; sourceTree = "<group>"; };
		3E5F2C352B6080700072006F /* PageView.swift */ = {isa = PBXFileReference; lastKnownFileType = sourcecode.swift; path = PageView.swift; sourceTree = "<group>"; };
		3E5F2C3A2B60859F0072006F /* OnboardingViewController.swift */ = {isa = PBXFileReference; lastKnownFileType = sourcecode.swift; path = OnboardingViewController.swift; sourceTree = "<group>"; };
		3E5FDB912B72DA8F0038C3BD /* OvalProjectCell.swift */ = {isa = PBXFileReference; lastKnownFileType = sourcecode.swift; path = OvalProjectCell.swift; sourceTree = "<group>"; };
		3E61B4F62B61B60300DB760D /* Authentication.swift */ = {isa = PBXFileReference; lastKnownFileType = sourcecode.swift; path = Authentication.swift; sourceTree = "<group>"; };
		3E635A112B613F15007D0FBE /* GoogleService-Info.plist */ = {isa = PBXFileReference; fileEncoding = 4; lastKnownFileType = text.plist.xml; path = "GoogleService-Info.plist"; sourceTree = "<group>"; };
		3E635A1E2B615E76007D0FBE /* LoginViewModel.swift */ = {isa = PBXFileReference; lastKnownFileType = sourcecode.swift; path = LoginViewModel.swift; sourceTree = "<group>"; };
		3E63A7282B758B990078ACBC /* ProjectDetailViewController.swift */ = {isa = PBXFileReference; lastKnownFileType = sourcecode.swift; path = ProjectDetailViewController.swift; sourceTree = "<group>"; };
		3E63A72B2B763C990078ACBC /* ProjectDetailViewModel.swift */ = {isa = PBXFileReference; lastKnownFileType = sourcecode.swift; path = ProjectDetailViewModel.swift; sourceTree = "<group>"; };
		3E63A72F2B7653C80078ACBC /* TaskViewCell.swift */ = {isa = PBXFileReference; lastKnownFileType = sourcecode.swift; path = TaskViewCell.swift; sourceTree = "<group>"; };
		3E63C5942B77930800E06ED5 /* EditProjectViewController.swift */ = {isa = PBXFileReference; lastKnownFileType = sourcecode.swift; path = EditProjectViewController.swift; sourceTree = "<group>"; };
		3E63C5972B77934200E06ED5 /* EditTaskViewController.swift */ = {isa = PBXFileReference; lastKnownFileType = sourcecode.swift; path = EditTaskViewController.swift; sourceTree = "<group>"; };
		3E63C59A2B77C99800E06ED5 /* EditProjectViewModel.swift */ = {isa = PBXFileReference; lastKnownFileType = sourcecode.swift; path = EditProjectViewModel.swift; sourceTree = "<group>"; };
/* End PBXFileReference section */

/* Begin PBXFrameworksBuildPhase section */
		3E5F2C072B606F3E0072006F /* Frameworks */ = {
			isa = PBXFrameworksBuildPhase;
			buildActionMask = 2147483647;
			files = (
				3E635A1A2B6157CE007D0FBE /* FirebaseFirestoreSwift-Beta in Frameworks */,
				3E635A162B6157CE007D0FBE /* FirebaseAuth in Frameworks */,
				3E635A182B6157CE007D0FBE /* FirebaseFirestore in Frameworks */,
			);
			runOnlyForDeploymentPostprocessing = 0;
		};
/* End PBXFrameworksBuildPhase section */

/* Begin PBXGroup section */
		3E5778C42B698B9F009C5C1F /* TabBar */ = {
			isa = PBXGroup;
			children = (
				3E5778C52B698BDB009C5C1F /* TabBarViewController.swift */,
			);
			path = TabBar;
			sourceTree = "<group>";
		};
		3E5778C82B698C50009C5C1F /* TabBarViewControllers */ = {
			isa = PBXGroup;
			children = (
				3E5778CF2B6990BD009C5C1F /* TasksPage */,
				3E5778CE2B6990AE009C5C1F /* HomePage */,
				3E5778F52B6DA5D9009C5C1F /* AddPopUpViewController.swift */,
			);
			path = TabBarViewControllers;
			sourceTree = "<group>";
		};
		3E5778CD2B698F08009C5C1F /* Login-Signup */ = {
			isa = PBXGroup;
			children = (
				3E5778AD2B69212C009C5C1F /* SignupViewController.swift */,
				3E5778AB2B692115009C5C1F /* LoginViewController.swift */,
			);
			path = "Login-Signup";
			sourceTree = "<group>";
		};
		3E5778CE2B6990AE009C5C1F /* HomePage */ = {
			isa = PBXGroup;
			children = (
				3E5778B02B692143009C5C1F /* HomeViewController.swift */,
				3E5778FC2B6FBCE1009C5C1F /* ProjectViewCell.swift */,
			);
			path = HomePage;
			sourceTree = "<group>";
		};
		3E5778CF2B6990BD009C5C1F /* TasksPage */ = {
			isa = PBXGroup;
			children = (
				3E5778C92B698C7B009C5C1F /* TaskViewController.swift */,
			);
			path = TasksPage;
			sourceTree = "<group>";
		};
		3E5778DF2B6C7726009C5C1F /* AddItemViews */ = {
			isa = PBXGroup;
			children = (
				3E5778E02B6C7746009C5C1F /* ProjectViewController.swift */,
				3E5FDB902B72DA5B0038C3BD /* AddTaskPage */,
			);
			path = AddItemViews;
			sourceTree = "<group>";
		};
		3E5F2C012B606F3E0072006F = {
			isa = PBXGroup;
			children = (
				3E5F2C0C2B606F3E0072006F /* TaskManagmentApp */,
				3E5F2C0B2B606F3E0072006F /* Products */,
			);
			sourceTree = "<group>";
		};
		3E5F2C0B2B606F3E0072006F /* Products */ = {
			isa = PBXGroup;
			children = (
				3E5F2C0A2B606F3E0072006F /* TaskManagmentApp.app */,
			);
			name = Products;
			sourceTree = "<group>";
		};
		3E5F2C0C2B606F3E0072006F /* TaskManagmentApp */ = {
			isa = PBXGroup;
			children = (
				3E5F2C232B6071120072006F /* App */,
				3E5F2C282B6071C70072006F /* Models */,
				3E5F2C272B6071B70072006F /* ViewModels */,
				3E5F2C292B6071D80072006F /* ViewControllers */,
				3E5F2C262B6071920072006F /* Extensions */,
				3E5F2C252B6071870072006F /* Helper */,
				3E5F2C242B60712A0072006F /* Other */,
				3E5F2C1B2B606F470072006F /* Info.plist */,
			);
			path = TaskManagmentApp;
			sourceTree = "<group>";
		};
		3E5F2C232B6071120072006F /* App */ = {
			isa = PBXGroup;
			children = (
				3E5F2C0D2B606F3E0072006F /* AppDelegate.swift */,
				3E5F2C0F2B606F3E0072006F /* SceneDelegate.swift */,
			);
			path = App;
			sourceTree = "<group>";
		};
		3E5F2C242B60712A0072006F /* Other */ = {
			isa = PBXGroup;
			children = (
				3E5F2C162B606F470072006F /* Assets.xcassets */,
				3E5F2C182B606F470072006F /* LaunchScreen.storyboard */,
				3E635A112B613F15007D0FBE /* GoogleService-Info.plist */,
			);
			path = Other;
			sourceTree = "<group>";
		};
		3E5F2C252B6071870072006F /* Helper */ = {
			isa = PBXGroup;
			children = (
				3E5778B42B69229F009C5C1F /* AuthHeaderView.swift */,
				3E5778B72B692D2C009C5C1F /* CustomTextField.swift */,
				3E5778BA2B6934E9009C5C1F /* CustomButton.swift */,
				3E5778BD2B693E3D009C5C1F /* AlertManager.swift */,
				3E5778C02B695711009C5C1F /* Validator.swift */,
				3E5778EC2B6C882F009C5C1F /* UnderlinedTextField.swift */,
				3E5778F22B6D938E009C5C1F /* CustomLabel.swift */,
			);
			path = Helper;
			sourceTree = "<group>";
		};
		3E5F2C262B6071920072006F /* Extensions */ = {
			isa = PBXGroup;
			children = (
				3E57787C2B65691F009C5C1F /* Encodable.swift */,
			);
			path = Extensions;
			sourceTree = "<group>";
		};
		3E5F2C272B6071B70072006F /* ViewModels */ = {
			isa = PBXGroup;
			children = (
				3E61B4F62B61B60300DB760D /* Authentication.swift */,
				3E635A1E2B615E76007D0FBE /* LoginViewModel.swift */,
				3E5778D22B6C3A0F009C5C1F /* SignupViewModel.swift */,
				3E5778D52B6C3A55009C5C1F /* ProjectViewModel.swift */,
				3E5778D92B6C3A6F009C5C1F /* TaskViewModel.swift */,
				3E5778DC2B6C4A9D009C5C1F /* HomeViewModel.swift */,
				3E63A72B2B763C990078ACBC /* ProjectDetailViewModel.swift */,
				3E63C59A2B77C99800E06ED5 /* EditProjectViewModel.swift */,
			);
			path = ViewModels;
			sourceTree = "<group>";
		};
		3E5F2C282B6071C70072006F /* Models */ = {
			isa = PBXGroup;
			children = (
				3E5F2C2A2B6073C00072006F /* OnboardingModel.swift */,
				3E5F2C2E2B6073D50072006F /* ProjectModel.swift */,
				3E5778752B651317009C5C1F /* UserModel.swift */,
			);
			path = Models;
			sourceTree = "<group>";
		};
		3E5F2C292B6071D80072006F /* ViewControllers */ = {
			isa = PBXGroup;
			children = (
				3E63C5932B7792CC00E06ED5 /* EditItemViews */,
				3E5778DF2B6C7726009C5C1F /* AddItemViews */,
				3E5778CD2B698F08009C5C1F /* Login-Signup */,
				3E5778C82B698C50009C5C1F /* TabBarViewControllers */,
				3E5778C42B698B9F009C5C1F /* TabBar */,
				3E5F2C342B60804F0072006F /* Onboarding */,
				3E63A72E2B7653820078ACBC /* ProjectDetailView */,
			);
			path = ViewControllers;
			sourceTree = "<group>";
		};
		3E5F2C342B60804F0072006F /* Onboarding */ = {
			isa = PBXGroup;
			children = (
				3E5F2C312B607F0C0072006F /* OnboardingView.swift */,
				3E5F2C352B6080700072006F /* PageView.swift */,
				3E5F2C3A2B60859F0072006F /* OnboardingViewController.swift */,
			);
			path = Onboarding;
			sourceTree = "<group>";
		};
		3E5FDB902B72DA5B0038C3BD /* AddTaskPage */ = {
			isa = PBXGroup;
			children = (
				3E5778F82B6DC35E009C5C1F /* TaskDetailViewController.swift */,
				3E5FDB912B72DA8F0038C3BD /* OvalProjectCell.swift */,
			);
			path = AddTaskPage;
			sourceTree = "<group>";
		};
		3E63A72E2B7653820078ACBC /* ProjectDetailView */ = {
			isa = PBXGroup;
			children = (
				3E63A7282B758B990078ACBC /* ProjectDetailViewController.swift */,
				3E63A72F2B7653C80078ACBC /* TaskViewCell.swift */,
			);
			path = ProjectDetailView;
			sourceTree = "<group>";
		};
		3E63C5932B7792CC00E06ED5 /* EditItemViews */ = {
			isa = PBXGroup;
			children = (
				3E63C5942B77930800E06ED5 /* EditProjectViewController.swift */,
				3E63C5972B77934200E06ED5 /* EditTaskViewController.swift */,
			);
			path = EditItemViews;
			sourceTree = "<group>";
		};
/* End PBXGroup section */

/* Begin PBXNativeTarget section */
		3E5F2C092B606F3E0072006F /* TaskManagmentApp */ = {
			isa = PBXNativeTarget;
			buildConfigurationList = 3E5F2C1E2B606F470072006F /* Build configuration list for PBXNativeTarget "TaskManagmentApp" */;
			buildPhases = (
				3E5F2C062B606F3E0072006F /* Sources */,
				3E5F2C072B606F3E0072006F /* Frameworks */,
				3E5F2C082B606F3E0072006F /* Resources */,
			);
			buildRules = (
			);
			dependencies = (
			);
			name = TaskManagmentApp;
			packageProductDependencies = (
				3E635A152B6157CE007D0FBE /* FirebaseAuth */,
				3E635A172B6157CE007D0FBE /* FirebaseFirestore */,
				3E635A192B6157CE007D0FBE /* FirebaseFirestoreSwift-Beta */,
			);
			productName = TaskManagmentApp;
			productReference = 3E5F2C0A2B606F3E0072006F /* TaskManagmentApp.app */;
			productType = "com.apple.product-type.application";
		};
/* End PBXNativeTarget section */

/* Begin PBXProject section */
		3E5F2C022B606F3E0072006F /* Project object */ = {
			isa = PBXProject;
			attributes = {
				LastSwiftUpdateCheck = 1240;
				LastUpgradeCheck = 1240;
				TargetAttributes = {
					3E5F2C092B606F3E0072006F = {
						CreatedOnToolsVersion = 12.4;
					};
				};
			};
			buildConfigurationList = 3E5F2C052B606F3E0072006F /* Build configuration list for PBXProject "TaskManagmentApp" */;
			compatibilityVersion = "Xcode 12.0";
			developmentRegion = en;
			hasScannedForEncodings = 0;
			knownRegions = (
				en,
				Base,
			);
			mainGroup = 3E5F2C012B606F3E0072006F;
			packageReferences = (
				3E635A142B6157CE007D0FBE /* XCRemoteSwiftPackageReference "firebase-ios-sdk" */,
			);
			productRefGroup = 3E5F2C0B2B606F3E0072006F /* Products */;
			projectDirPath = "";
			projectRoot = "";
			targets = (
				3E5F2C092B606F3E0072006F /* TaskManagmentApp */,
			);
		};
/* End PBXProject section */

/* Begin PBXResourcesBuildPhase section */
		3E5F2C082B606F3E0072006F /* Resources */ = {
			isa = PBXResourcesBuildPhase;
			buildActionMask = 2147483647;
			files = (
				3E5F2C1A2B606F470072006F /* LaunchScreen.storyboard in Resources */,
				3E5F2C172B606F470072006F /* Assets.xcassets in Resources */,
				3E635A122B613F16007D0FBE /* GoogleService-Info.plist in Resources */,
			);
			runOnlyForDeploymentPostprocessing = 0;
		};
/* End PBXResourcesBuildPhase section */

/* Begin PBXSourcesBuildPhase section */
		3E5F2C062B606F3E0072006F /* Sources */ = {
			isa = PBXSourcesBuildPhase;
			buildActionMask = 2147483647;
			files = (
				3E5F2C2F2B6073D50072006F /* ProjectModel.swift in Sources */,
				3E63A7292B758B990078ACBC /* ProjectDetailViewController.swift in Sources */,
				3E5F2C2B2B6073C00072006F /* OnboardingModel.swift in Sources */,
				3E57787D2B65691F009C5C1F /* Encodable.swift in Sources */,
				3E5778F32B6D938E009C5C1F /* CustomLabel.swift in Sources */,
				3E5778DD2B6C4A9D009C5C1F /* HomeViewModel.swift in Sources */,
				3E5778ED2B6C882F009C5C1F /* UnderlinedTextField.swift in Sources */,
				3E5F2C3B2B60859F0072006F /* OnboardingViewController.swift in Sources */,
				3E5778B82B692D2C009C5C1F /* CustomTextField.swift in Sources */,
				3E61B4F72B61B60300DB760D /* Authentication.swift in Sources */,
				3E5778B12B692143009C5C1F /* HomeViewController.swift in Sources */,
				3E5F2C322B607F0C0072006F /* OnboardingView.swift in Sources */,
				3E63C59B2B77C99800E06ED5 /* EditProjectViewModel.swift in Sources */,
				3E5778CA2B698C7B009C5C1F /* TaskViewController.swift in Sources */,
				3E5778C62B698BDB009C5C1F /* TabBarViewController.swift in Sources */,
				3E5778BE2B693E3D009C5C1F /* AlertManager.swift in Sources */,
				3E5FDB922B72DA8F0038C3BD /* OvalProjectCell.swift in Sources */,
				3E5F2C0E2B606F3E0072006F /* AppDelegate.swift in Sources */,
				3E5F2C102B606F3E0072006F /* SceneDelegate.swift in Sources */,
				3E5778DA2B6C3A6F009C5C1F /* TaskViewModel.swift in Sources */,
				3E5778F92B6DC35E009C5C1F /* TaskDetailViewController.swift in Sources */,
				3E5778AE2B69212C009C5C1F /* SignupViewController.swift in Sources */,
				3E63C5982B77934200E06ED5 /* EditTaskViewController.swift in Sources */,
				3E63A72C2B763C990078ACBC /* ProjectDetailViewModel.swift in Sources */,
				3E63A7302B7653C80078ACBC /* TaskViewCell.swift in Sources */,
				3E5778E12B6C7746009C5C1F /* ProjectViewController.swift in Sources */,
				3E5778C12B695711009C5C1F /* Validator.swift in Sources */,
				3E5F2C362B6080700072006F /* PageView.swift in Sources */,
				3E5778D62B6C3A56009C5C1F /* ProjectViewModel.swift in Sources */,
				3E5778D32B6C3A0F009C5C1F /* SignupViewModel.swift in Sources */,
				3E5778762B651317009C5C1F /* UserModel.swift in Sources */,
				3E5778FD2B6FBCE1009C5C1F /* ProjectViewCell.swift in Sources */,
				3E5778F62B6DA5D9009C5C1F /* AddPopUpViewController.swift in Sources */,
				3E5778BB2B6934E9009C5C1F /* CustomButton.swift in Sources */,
				3E5778AC2B692115009C5C1F /* LoginViewController.swift in Sources */,
				3E5778B52B69229F009C5C1F /* AuthHeaderView.swift in Sources */,
				3E63C5952B77930800E06ED5 /* EditProjectViewController.swift in Sources */,
				3E635A1F2B615E77007D0FBE /* LoginViewModel.swift in Sources */,
			);
			runOnlyForDeploymentPostprocessing = 0;
		};
/* End PBXSourcesBuildPhase section */

/* Begin PBXVariantGroup section */
		3E5F2C182B606F470072006F /* LaunchScreen.storyboard */ = {
			isa = PBXVariantGroup;
			children = (
				3E5F2C192B606F470072006F /* Base */,
			);
			name = LaunchScreen.storyboard;
			sourceTree = "<group>";
		};
/* End PBXVariantGroup section */

/* Begin XCBuildConfiguration section */
		3E5F2C1C2B606F470072006F /* Debug */ = {
			isa = XCBuildConfiguration;
			buildSettings = {
				ALWAYS_SEARCH_USER_PATHS = NO;
				CLANG_ANALYZER_NONNULL = YES;
				CLANG_ANALYZER_NUMBER_OBJECT_CONVERSION = YES_AGGRESSIVE;
				CLANG_CXX_LANGUAGE_STANDARD = "gnu++14";
				CLANG_CXX_LIBRARY = "libc++";
				CLANG_ENABLE_MODULES = YES;
				CLANG_ENABLE_OBJC_ARC = YES;
				CLANG_ENABLE_OBJC_WEAK = YES;
				CLANG_WARN_BLOCK_CAPTURE_AUTORELEASING = YES;
				CLANG_WARN_BOOL_CONVERSION = YES;
				CLANG_WARN_COMMA = YES;
				CLANG_WARN_CONSTANT_CONVERSION = YES;
				CLANG_WARN_DEPRECATED_OBJC_IMPLEMENTATIONS = YES;
				CLANG_WARN_DIRECT_OBJC_ISA_USAGE = YES_ERROR;
				CLANG_WARN_DOCUMENTATION_COMMENTS = YES;
				CLANG_WARN_EMPTY_BODY = YES;
				CLANG_WARN_ENUM_CONVERSION = YES;
				CLANG_WARN_INFINITE_RECURSION = YES;
				CLANG_WARN_INT_CONVERSION = YES;
				CLANG_WARN_NON_LITERAL_NULL_CONVERSION = YES;
				CLANG_WARN_OBJC_IMPLICIT_RETAIN_SELF = YES;
				CLANG_WARN_OBJC_LITERAL_CONVERSION = YES;
				CLANG_WARN_OBJC_ROOT_CLASS = YES_ERROR;
				CLANG_WARN_QUOTED_INCLUDE_IN_FRAMEWORK_HEADER = YES;
				CLANG_WARN_RANGE_LOOP_ANALYSIS = YES;
				CLANG_WARN_STRICT_PROTOTYPES = YES;
				CLANG_WARN_SUSPICIOUS_MOVE = YES;
				CLANG_WARN_UNGUARDED_AVAILABILITY = YES_AGGRESSIVE;
				CLANG_WARN_UNREACHABLE_CODE = YES;
				CLANG_WARN__DUPLICATE_METHOD_MATCH = YES;
				COPY_PHASE_STRIP = NO;
				DEBUG_INFORMATION_FORMAT = dwarf;
				ENABLE_STRICT_OBJC_MSGSEND = YES;
				ENABLE_TESTABILITY = YES;
				GCC_C_LANGUAGE_STANDARD = gnu11;
				GCC_DYNAMIC_NO_PIC = NO;
				GCC_NO_COMMON_BLOCKS = YES;
				GCC_OPTIMIZATION_LEVEL = 0;
				GCC_PREPROCESSOR_DEFINITIONS = (
					"DEBUG=1",
					"$(inherited)",
				);
				GCC_WARN_64_TO_32_BIT_CONVERSION = YES;
				GCC_WARN_ABOUT_RETURN_TYPE = YES_ERROR;
				GCC_WARN_UNDECLARED_SELECTOR = YES;
				GCC_WARN_UNINITIALIZED_AUTOS = YES_AGGRESSIVE;
				GCC_WARN_UNUSED_FUNCTION = YES;
				GCC_WARN_UNUSED_VARIABLE = YES;
				IPHONEOS_DEPLOYMENT_TARGET = 14.4;
				MTL_ENABLE_DEBUG_INFO = INCLUDE_SOURCE;
				MTL_FAST_MATH = YES;
				ONLY_ACTIVE_ARCH = YES;
				SDKROOT = iphoneos;
				SWIFT_ACTIVE_COMPILATION_CONDITIONS = DEBUG;
				SWIFT_OPTIMIZATION_LEVEL = "-Onone";
			};
			name = Debug;
		};
		3E5F2C1D2B606F470072006F /* Release */ = {
			isa = XCBuildConfiguration;
			buildSettings = {
				ALWAYS_SEARCH_USER_PATHS = NO;
				CLANG_ANALYZER_NONNULL = YES;
				CLANG_ANALYZER_NUMBER_OBJECT_CONVERSION = YES_AGGRESSIVE;
				CLANG_CXX_LANGUAGE_STANDARD = "gnu++14";
				CLANG_CXX_LIBRARY = "libc++";
				CLANG_ENABLE_MODULES = YES;
				CLANG_ENABLE_OBJC_ARC = YES;
				CLANG_ENABLE_OBJC_WEAK = YES;
				CLANG_WARN_BLOCK_CAPTURE_AUTORELEASING = YES;
				CLANG_WARN_BOOL_CONVERSION = YES;
				CLANG_WARN_COMMA = YES;
				CLANG_WARN_CONSTANT_CONVERSION = YES;
				CLANG_WARN_DEPRECATED_OBJC_IMPLEMENTATIONS = YES;
				CLANG_WARN_DIRECT_OBJC_ISA_USAGE = YES_ERROR;
				CLANG_WARN_DOCUMENTATION_COMMENTS = YES;
				CLANG_WARN_EMPTY_BODY = YES;
				CLANG_WARN_ENUM_CONVERSION = YES;
				CLANG_WARN_INFINITE_RECURSION = YES;
				CLANG_WARN_INT_CONVERSION = YES;
				CLANG_WARN_NON_LITERAL_NULL_CONVERSION = YES;
				CLANG_WARN_OBJC_IMPLICIT_RETAIN_SELF = YES;
				CLANG_WARN_OBJC_LITERAL_CONVERSION = YES;
				CLANG_WARN_OBJC_ROOT_CLASS = YES_ERROR;
				CLANG_WARN_QUOTED_INCLUDE_IN_FRAMEWORK_HEADER = YES;
				CLANG_WARN_RANGE_LOOP_ANALYSIS = YES;
				CLANG_WARN_STRICT_PROTOTYPES = YES;
				CLANG_WARN_SUSPICIOUS_MOVE = YES;
				CLANG_WARN_UNGUARDED_AVAILABILITY = YES_AGGRESSIVE;
				CLANG_WARN_UNREACHABLE_CODE = YES;
				CLANG_WARN__DUPLICATE_METHOD_MATCH = YES;
				COPY_PHASE_STRIP = NO;
				DEBUG_INFORMATION_FORMAT = "dwarf-with-dsym";
				ENABLE_NS_ASSERTIONS = NO;
				ENABLE_STRICT_OBJC_MSGSEND = YES;
				GCC_C_LANGUAGE_STANDARD = gnu11;
				GCC_NO_COMMON_BLOCKS = YES;
				GCC_WARN_64_TO_32_BIT_CONVERSION = YES;
				GCC_WARN_ABOUT_RETURN_TYPE = YES_ERROR;
				GCC_WARN_UNDECLARED_SELECTOR = YES;
				GCC_WARN_UNINITIALIZED_AUTOS = YES_AGGRESSIVE;
				GCC_WARN_UNUSED_FUNCTION = YES;
				GCC_WARN_UNUSED_VARIABLE = YES;
				IPHONEOS_DEPLOYMENT_TARGET = 14.4;
				MTL_ENABLE_DEBUG_INFO = NO;
				MTL_FAST_MATH = YES;
				SDKROOT = iphoneos;
				SWIFT_COMPILATION_MODE = wholemodule;
				SWIFT_OPTIMIZATION_LEVEL = "-O";
				VALIDATE_PRODUCT = YES;
			};
			name = Release;
		};
		3E5F2C1F2B606F470072006F /* Debug */ = {
			isa = XCBuildConfiguration;
			buildSettings = {
				ASSETCATALOG_COMPILER_APPICON_NAME = AppIcon;
				ASSETCATALOG_COMPILER_GLOBAL_ACCENT_COLOR_NAME = AccentColor;
				CODE_SIGN_STYLE = Automatic;
				INFOPLIST_FILE = TaskManagmentApp/Info.plist;
				IPHONEOS_DEPLOYMENT_TARGET = 14.4;
				LD_RUNPATH_SEARCH_PATHS = (
					"$(inherited)",
					"@executable_path/Frameworks",
				);
				PRODUCT_BUNDLE_IDENTIFIER = com.tbcAcademy.TaskManagmentApp;
				PRODUCT_NAME = "$(TARGET_NAME)";
				SWIFT_VERSION = 5.0;
				TARGETED_DEVICE_FAMILY = "1,2";
			};
			name = Debug;
		};
		3E5F2C202B606F470072006F /* Release */ = {
			isa = XCBuildConfiguration;
			buildSettings = {
				ASSETCATALOG_COMPILER_APPICON_NAME = AppIcon;
				ASSETCATALOG_COMPILER_GLOBAL_ACCENT_COLOR_NAME = AccentColor;
				CODE_SIGN_STYLE = Automatic;
				INFOPLIST_FILE = TaskManagmentApp/Info.plist;
				IPHONEOS_DEPLOYMENT_TARGET = 14.4;
				LD_RUNPATH_SEARCH_PATHS = (
					"$(inherited)",
					"@executable_path/Frameworks",
				);
				PRODUCT_BUNDLE_IDENTIFIER = com.tbcAcademy.TaskManagmentApp;
				PRODUCT_NAME = "$(TARGET_NAME)";
				SWIFT_VERSION = 5.0;
				TARGETED_DEVICE_FAMILY = "1,2";
			};
			name = Release;
		};
/* End XCBuildConfiguration section */

/* Begin XCConfigurationList section */
		3E5F2C052B606F3E0072006F /* Build configuration list for PBXProject "TaskManagmentApp" */ = {
			isa = XCConfigurationList;
			buildConfigurations = (
				3E5F2C1C2B606F470072006F /* Debug */,
				3E5F2C1D2B606F470072006F /* Release */,
			);
			defaultConfigurationIsVisible = 0;
			defaultConfigurationName = Release;
		};
		3E5F2C1E2B606F470072006F /* Build configuration list for PBXNativeTarget "TaskManagmentApp" */ = {
			isa = XCConfigurationList;
			buildConfigurations = (
				3E5F2C1F2B606F470072006F /* Debug */,
				3E5F2C202B606F470072006F /* Release */,
			);
			defaultConfigurationIsVisible = 0;
			defaultConfigurationName = Release;
		};
/* End XCConfigurationList section */

/* Begin XCRemoteSwiftPackageReference section */
		3E635A142B6157CE007D0FBE /* XCRemoteSwiftPackageReference "firebase-ios-sdk" */ = {
			isa = XCRemoteSwiftPackageReference;
			repositoryURL = "https://github.com/firebase/firebase-ios-sdk";
			requirement = {
				kind = upToNextMajorVersion;
				minimumVersion = 8.2.0;
			};
		};
/* End XCRemoteSwiftPackageReference section */

/* Begin XCSwiftPackageProductDependency section */
		3E635A152B6157CE007D0FBE /* FirebaseAuth */ = {
			isa = XCSwiftPackageProductDependency;
			package = 3E635A142B6157CE007D0FBE /* XCRemoteSwiftPackageReference "firebase-ios-sdk" */;
			productName = FirebaseAuth;
		};
		3E635A172B6157CE007D0FBE /* FirebaseFirestore */ = {
			isa = XCSwiftPackageProductDependency;
			package = 3E635A142B6157CE007D0FBE /* XCRemoteSwiftPackageReference "firebase-ios-sdk" */;
			productName = FirebaseFirestore;
		};
		3E635A192B6157CE007D0FBE /* FirebaseFirestoreSwift-Beta */ = {
			isa = XCSwiftPackageProductDependency;
			package = 3E635A142B6157CE007D0FBE /* XCRemoteSwiftPackageReference "firebase-ios-sdk" */;
			productName = "FirebaseFirestoreSwift-Beta";
		};
/* End XCSwiftPackageProductDependency section */
	};
	rootObject = 3E5F2C022B606F3E0072006F /* Project object */;
}
